
Microsoft Visual Studio Solution File, Format Version 12.00
# Visual Studio 15
VisualStudioVersion = 15.0.27703.2035
MinimumVisualStudioVersion = 10.0.40219.1
Project("{9A19103F-16F7-4668-BE54-9A1E7A4F7556}") = "TestingStuff", "TestingStuff\TestingStuff.csproj", "{2D2B3A85-278C-4FF7-8F87-D5F345412F74}"
EndProject
Project("{FAE04EC0-301F-11D3-BF4B-00C04F79EFBC}") = "WebSocketTestServer", "WebSocketTestServer\WebSocketTestServer.csproj", "{F5088D2B-C271-4949-94A2-CDDBCFE0B65D}"
EndProject
Global
	GlobalSection(SolutionConfigurationPlatforms) = preSolution
		Debug|Any CPU = Debug|Any CPU
		Release|Any CPU = Release|Any CPU
	EndGlobalSection
	GlobalSection(ProjectConfigurationPlatforms) = postSolution
		{2D2B3A85-278C-4FF7-8F87-D5F345412F74}.Debug|Any CPU.ActiveCfg = Debug|Any CPU
		{2D2B3A85-278C-4FF7-8F87-D5F345412F74}.Debug|Any CPU.Build.0 = Debug|Any CPU
		{2D2B3A85-278C-4FF7-8F87-D5F345412F74}.Release|Any CPU.ActiveCfg = Release|Any CPU
		{2D2B3A85-278C-4FF7-8F87-D5F345412F74}.Release|Any CPU.Build.0 = Release|Any CPU
		{F5088D2B-C271-4949-94A2-CDDBCFE0B65D}.Debug|Any CPU.ActiveCfg = Debug|Any CPU
		{F5088D2B-C271-4949-94A2-CDDBCFE0B65D}.Debug|Any CPU.Build.0 = Debug|Any CPU
		{F5088D2B-C271-4949-94A2-CDDBCFE0B65D}.Release|Any CPU.ActiveCfg = Release|Any CPU
		{F5088D2B-C271-4949-94A2-CDDBCFE0B65D}.Release|Any CPU.Build.0 = Release|Any CPU
	EndGlobalSection
	GlobalSection(SolutionProperties) = preSolution
		HideSolutionNode = FALSE
	EndGlobalSection
	GlobalSection(ExtensibilityGlobals) = postSolution
		SolutionGuid = {6A420742-FC15-471D-8AC2-F47FEA89C018}
	EndGlobalSection
EndGlobal
